
Microsoft Visual Studio Solution File, Format Version 12.00
# Visual Studio Version 16
VisualStudioVersion = 16.0.30804.86
MinimumVisualStudioVersion = 10.0.40219.1
Project("{8BC9CEB8-8B4A-11D0-8D11-00A0C91BC942}") = "BST", "BST\BST.vcxproj", "{EAA95B97-2EDF-4441-A34F-7D4880F7E093}"
EndProject
Global
	GlobalSection(SolutionConfigurationPlatforms) = preSolution
		Debug|x64 = Debug|x64
		Debug|x86 = Debug|x86
		Release|x64 = Release|x64
		Release|x86 = Release|x86
	EndGlobalSection
	GlobalSection(ProjectConfigurationPlatforms) = postSolution
		{EAA95B97-2EDF-4441-A34F-7D4880F7E093}.Debug|x64.ActiveCfg = Debug|x64
		{EAA95B97-2EDF-4441-A34F-7D4880F7E093}.Debug|x64.Build.0 = Debug|x64
		{EAA95B97-2EDF-4441-A34F-7D4880F7E093}.Debug|x86.ActiveCfg = Debug|Win32
		{EAA95B97-2EDF-4441-A34F-7D4880F7E093}.Debug|x86.Build.0 = Debug|Win32
		{EAA95B97-2EDF-4441-A34F-7D4880F7E093}.Release|x64.ActiveCfg = Release|x64
		{EAA95B97-2EDF-4441-A34F-7D4880F7E093}.Release|x64.Build.0 = Release|x64
		{EAA95B97-2EDF-4441-A34F-7D4880F7E093}.Release|x86.ActiveCfg = Release|Win32
		{EAA95B97-2EDF-4441-A34F-7D4880F7E093}.Release|x86.Build.0 = Release|Win32
	EndGlobalSection
	GlobalSection(SolutionProperties) = preSolution
		HideSolutionNode = FALSE
	EndGlobalSection
	GlobalSection(ExtensibilityGlobals) = postSolution
		SolutionGuid = {A7806334-A8A0-46DD-A203-A0FC7E13499B}
	EndGlobalSection
EndGlobal
